
Microsoft Visual Studio Solution File, Format Version 12.00
# Visual Studio Version 16
VisualStudioVersion = 16.0.30011.22
MinimumVisualStudioVersion = 10.0.40219.1
Project("{FAE04EC0-301F-11D3-BF4B-00C04F79EFBC}") = "DAL", "Project\DAL\DAL.csproj", "{299B7EC7-7E2F-4974-923A-C0F0E2549AAD}"
EndProject
Project("{2150E333-8FDC-42A3-9474-1A3956D46DE8}") = "Project", "Project", "{3E8C8343-523D-44F9-A83D-FF5A76BC4250}"
EndProject
Project("{2150E333-8FDC-42A3-9474-1A3956D46DE8}") = "CleanArchiteture", "CleanArchiteture", "{A5700DFD-04B8-4A1E-97DA-5B836F22991E}"
EndProject
Project("{2150E333-8FDC-42A3-9474-1A3956D46DE8}") = "Web", "Web", "{AB96D9D2-CBDE-4B7C-8B8B-65179A90738C}"
EndProject
Project("{2150E333-8FDC-42A3-9474-1A3956D46DE8}") = "Teste", "Teste", "{2F217277-0EDA-4153-8E82-C4AE088FB4AB}"
EndProject
Project("{FAE04EC0-301F-11D3-BF4B-00C04F79EFBC}") = "ENT", "Project\ENT\ENT.csproj", "{8A695477-75FB-4AB0-90A7-553B8E809235}"
EndProject
Project("{FAE04EC0-301F-11D3-BF4B-00C04F79EFBC}") = "NEG", "Project\NEG\NEG.csproj", "{08070CAC-3063-4844-BBA2-A65A07984A17}"
EndProject
Project("{9A19103F-16F7-4668-BE54-9A1E7A4F7556}") = "Ui.UnitTest", "Teste\Ui.UnitTest.csproj", "{42D8DC9E-86E1-4380-B27B-5FF4839D51B6}"
EndProject
Project("{9A19103F-16F7-4668-BE54-9A1E7A4F7556}") = "Api", "Web\Api\Api.csproj", "{FC32FF21-0583-4AB2-B26A-83C3EA132EEA}"
EndProject
Project("{9A19103F-16F7-4668-BE54-9A1E7A4F7556}") = "Ui", "Web\Ui\Ui.csproj", "{09588C73-E8EE-4E9B-A4B9-00521983CE8B}"
EndProject
Project("{FAE04EC0-301F-11D3-BF4B-00C04F79EFBC}") = "Api.UnitTest", "Api.UnitTest\Api.UnitTest.csproj", "{BCFD77CD-2170-44B6-9557-9F03FE394561}"
EndProject
Global
	GlobalSection(SolutionConfigurationPlatforms) = preSolution
		Debug|Any CPU = Debug|Any CPU
		Release|Any CPU = Release|Any CPU
	EndGlobalSection
	GlobalSection(ProjectConfigurationPlatforms) = postSolution
		{299B7EC7-7E2F-4974-923A-C0F0E2549AAD}.Debug|Any CPU.ActiveCfg = Debug|Any CPU
		{299B7EC7-7E2F-4974-923A-C0F0E2549AAD}.Debug|Any CPU.Build.0 = Debug|Any CPU
		{299B7EC7-7E2F-4974-923A-C0F0E2549AAD}.Release|Any CPU.ActiveCfg = Release|Any CPU
		{299B7EC7-7E2F-4974-923A-C0F0E2549AAD}.Release|Any CPU.Build.0 = Release|Any CPU
		{8A695477-75FB-4AB0-90A7-553B8E809235}.Debug|Any CPU.ActiveCfg = Debug|Any CPU
		{8A695477-75FB-4AB0-90A7-553B8E809235}.Debug|Any CPU.Build.0 = Debug|Any CPU
		{8A695477-75FB-4AB0-90A7-553B8E809235}.Release|Any CPU.ActiveCfg = Release|Any CPU
		{8A695477-75FB-4AB0-90A7-553B8E809235}.Release|Any CPU.Build.0 = Release|Any CPU
		{08070CAC-3063-4844-BBA2-A65A07984A17}.Debug|Any CPU.ActiveCfg = Debug|Any CPU
		{08070CAC-3063-4844-BBA2-A65A07984A17}.Debug|Any CPU.Build.0 = Debug|Any CPU
		{08070CAC-3063-4844-BBA2-A65A07984A17}.Release|Any CPU.ActiveCfg = Release|Any CPU
		{08070CAC-3063-4844-BBA2-A65A07984A17}.Release|Any CPU.Build.0 = Release|Any CPU
		{42D8DC9E-86E1-4380-B27B-5FF4839D51B6}.Debug|Any CPU.ActiveCfg = Debug|Any CPU
		{42D8DC9E-86E1-4380-B27B-5FF4839D51B6}.Debug|Any CPU.Build.0 = Debug|Any CPU
		{42D8DC9E-86E1-4380-B27B-5FF4839D51B6}.Release|Any CPU.ActiveCfg = Release|Any CPU
		{42D8DC9E-86E1-4380-B27B-5FF4839D51B6}.Release|Any CPU.Build.0 = Release|Any CPU
		{FC32FF21-0583-4AB2-B26A-83C3EA132EEA}.Debug|Any CPU.ActiveCfg = Debug|Any CPU
		{FC32FF21-0583-4AB2-B26A-83C3EA132EEA}.Debug|Any CPU.Build.0 = Debug|Any CPU
		{FC32FF21-0583-4AB2-B26A-83C3EA132EEA}.Release|Any CPU.ActiveCfg = Release|Any CPU
		{FC32FF21-0583-4AB2-B26A-83C3EA132EEA}.Release|Any CPU.Build.0 = Release|Any CPU
		{09588C73-E8EE-4E9B-A4B9-00521983CE8B}.Debug|Any CPU.ActiveCfg = Debug|Any CPU
		{09588C73-E8EE-4E9B-A4B9-00521983CE8B}.Debug|Any CPU.Build.0 = Debug|Any CPU
		{09588C73-E8EE-4E9B-A4B9-00521983CE8B}.Release|Any CPU.ActiveCfg = Release|Any CPU
		{09588C73-E8EE-4E9B-A4B9-00521983CE8B}.Release|Any CPU.Build.0 = Release|Any CPU
		{BCFD77CD-2170-44B6-9557-9F03FE394561}.Debug|Any CPU.ActiveCfg = Debug|Any CPU
		{BCFD77CD-2170-44B6-9557-9F03FE394561}.Debug|Any CPU.Build.0 = Debug|Any CPU
		{BCFD77CD-2170-44B6-9557-9F03FE394561}.Release|Any CPU.ActiveCfg = Release|Any CPU
		{BCFD77CD-2170-44B6-9557-9F03FE394561}.Release|Any CPU.Build.0 = Release|Any CPU
	EndGlobalSection
	GlobalSection(SolutionProperties) = preSolution
		HideSolutionNode = FALSE
	EndGlobalSection
	GlobalSection(NestedProjects) = preSolution
		{299B7EC7-7E2F-4974-923A-C0F0E2549AAD} = {3E8C8343-523D-44F9-A83D-FF5A76BC4250}
		{8A695477-75FB-4AB0-90A7-553B8E809235} = {3E8C8343-523D-44F9-A83D-FF5A76BC4250}
		{08070CAC-3063-4844-BBA2-A65A07984A17} = {3E8C8343-523D-44F9-A83D-FF5A76BC4250}
		{42D8DC9E-86E1-4380-B27B-5FF4839D51B6} = {2F217277-0EDA-4153-8E82-C4AE088FB4AB}
		{FC32FF21-0583-4AB2-B26A-83C3EA132EEA} = {AB96D9D2-CBDE-4B7C-8B8B-65179A90738C}
		{09588C73-E8EE-4E9B-A4B9-00521983CE8B} = {AB96D9D2-CBDE-4B7C-8B8B-65179A90738C}
		{BCFD77CD-2170-44B6-9557-9F03FE394561} = {2F217277-0EDA-4153-8E82-C4AE088FB4AB}
	EndGlobalSection
	GlobalSection(ExtensibilityGlobals) = postSolution
		SolutionGuid = {BC5D71CB-5366-4CED-9601-CE6472C5E475}
	EndGlobalSection
EndGlobal
