
Microsoft Visual Studio Solution File, Format Version 12.00
# Visual Studio Version 16
VisualStudioVersion = 16.0.30011.22
MinimumVisualStudioVersion = 10.0.40219.1
Project("{9A19103F-16F7-4668-BE54-9A1E7A4F7556}") = "API", "WEBCORE03\API.csproj", "{E3775120-8DD0-4962-ADC3-8345B83129BE}"
EndProject
Project("{FAE04EC0-301F-11D3-BF4B-00C04F79EFBC}") = "ENT", "ENT\ENT.csproj", "{8A695477-75FB-4AB0-90A7-553B8E809235}"
EndProject
Project("{FAE04EC0-301F-11D3-BF4B-00C04F79EFBC}") = "NEG", "NEG\NEG.csproj", "{08070CAC-3063-4844-BBA2-A65A07984A17}"
EndProject
Project("{FAE04EC0-301F-11D3-BF4B-00C04F79EFBC}") = "DAO", "DAO\DAO.csproj", "{299B7EC7-7E2F-4974-923A-C0F0E2549AAD}"
EndProject
Project("{9A19103F-16F7-4668-BE54-9A1E7A4F7556}") = "UI", "UI\UI.csproj", "{6A0E911A-9C3D-475C-BC77-E40DE00822D8}"
EndProject
Project("{FAE04EC0-301F-11D3-BF4B-00C04F79EFBC}") = "UnitTest", "UnitTest\UnitTest.csproj", "{E590E0C2-FD75-46AC-9ADA-4423FEA11288}"
EndProject
Global
	GlobalSection(SolutionConfigurationPlatforms) = preSolution
		Debug|Any CPU = Debug|Any CPU
		Release|Any CPU = Release|Any CPU
	EndGlobalSection
	GlobalSection(ProjectConfigurationPlatforms) = postSolution
		{E3775120-8DD0-4962-ADC3-8345B83129BE}.Debug|Any CPU.ActiveCfg = Debug|Any CPU
		{E3775120-8DD0-4962-ADC3-8345B83129BE}.Debug|Any CPU.Build.0 = Debug|Any CPU
		{E3775120-8DD0-4962-ADC3-8345B83129BE}.Release|Any CPU.ActiveCfg = Release|Any CPU
		{E3775120-8DD0-4962-ADC3-8345B83129BE}.Release|Any CPU.Build.0 = Release|Any CPU
		{8A695477-75FB-4AB0-90A7-553B8E809235}.Debug|Any CPU.ActiveCfg = Debug|Any CPU
		{8A695477-75FB-4AB0-90A7-553B8E809235}.Debug|Any CPU.Build.0 = Debug|Any CPU
		{8A695477-75FB-4AB0-90A7-553B8E809235}.Release|Any CPU.ActiveCfg = Release|Any CPU
		{8A695477-75FB-4AB0-90A7-553B8E809235}.Release|Any CPU.Build.0 = Release|Any CPU
		{08070CAC-3063-4844-BBA2-A65A07984A17}.Debug|Any CPU.ActiveCfg = Debug|Any CPU
		{08070CAC-3063-4844-BBA2-A65A07984A17}.Debug|Any CPU.Build.0 = Debug|Any CPU
		{08070CAC-3063-4844-BBA2-A65A07984A17}.Release|Any CPU.ActiveCfg = Release|Any CPU
		{08070CAC-3063-4844-BBA2-A65A07984A17}.Release|Any CPU.Build.0 = Release|Any CPU
		{299B7EC7-7E2F-4974-923A-C0F0E2549AAD}.Debug|Any CPU.ActiveCfg = Debug|Any CPU
		{299B7EC7-7E2F-4974-923A-C0F0E2549AAD}.Debug|Any CPU.Build.0 = Debug|Any CPU
		{299B7EC7-7E2F-4974-923A-C0F0E2549AAD}.Release|Any CPU.ActiveCfg = Release|Any CPU
		{299B7EC7-7E2F-4974-923A-C0F0E2549AAD}.Release|Any CPU.Build.0 = Release|Any CPU
		{6A0E911A-9C3D-475C-BC77-E40DE00822D8}.Debug|Any CPU.ActiveCfg = Debug|Any CPU
		{6A0E911A-9C3D-475C-BC77-E40DE00822D8}.Debug|Any CPU.Build.0 = Debug|Any CPU
		{6A0E911A-9C3D-475C-BC77-E40DE00822D8}.Release|Any CPU.ActiveCfg = Release|Any CPU
		{6A0E911A-9C3D-475C-BC77-E40DE00822D8}.Release|Any CPU.Build.0 = Release|Any CPU
		{E590E0C2-FD75-46AC-9ADA-4423FEA11288}.Debug|Any CPU.ActiveCfg = Debug|Any CPU
		{E590E0C2-FD75-46AC-9ADA-4423FEA11288}.Debug|Any CPU.Build.0 = Debug|Any CPU
		{E590E0C2-FD75-46AC-9ADA-4423FEA11288}.Release|Any CPU.ActiveCfg = Release|Any CPU
		{E590E0C2-FD75-46AC-9ADA-4423FEA11288}.Release|Any CPU.Build.0 = Release|Any CPU
	EndGlobalSection
	GlobalSection(SolutionProperties) = preSolution
		HideSolutionNode = FALSE
	EndGlobalSection
	GlobalSection(ExtensibilityGlobals) = postSolution
		SolutionGuid = {BC5D71CB-5366-4CED-9601-CE6472C5E475}
	EndGlobalSection
EndGlobal
